
Microsoft Visual Studio Solution File, Format Version 12.00
# Visual Studio Version 17
VisualStudioVersion = 17.2.32516.85
MinimumVisualStudioVersion = 10.0.40219.1
Project("{FAE04EC0-301F-11D3-BF4B-00C04F79EFBC}") = "sampleorders", "sampleorders\sampleorders.csproj", "{C3B4F052-6601-401B-A4B4-60E52052D7BF}"
EndProject
Global
	GlobalSection(SolutionConfigurationPlatforms) = preSolution
		Debug|Any CPU = Debug|Any CPU
		Release|Any CPU = Release|Any CPU
	EndGlobalSection
	GlobalSection(ProjectConfigurationPlatforms) = postSolution
		{C3B4F052-6601-401B-A4B4-60E52052D7BF}.Debug|Any CPU.ActiveCfg = Debug|Any CPU
		{C3B4F052-6601-401B-A4B4-60E52052D7BF}.Debug|Any CPU.Build.0 = Debug|Any CPU
		{C3B4F052-6601-401B-A4B4-60E52052D7BF}.Release|Any CPU.ActiveCfg = Release|Any CPU
		{C3B4F052-6601-401B-A4B4-60E52052D7BF}.Release|Any CPU.Build.0 = Release|Any CPU
	EndGlobalSection
	GlobalSection(SolutionProperties) = preSolution
		HideSolutionNode = FALSE
	EndGlobalSection
	GlobalSection(ExtensibilityGlobals) = postSolution
		SolutionGuid = {FC6E382E-7F95-42C3-8947-76C7789EC173}
	EndGlobalSection
EndGlobal
